
Microsoft Visual Studio Solution File, Format Version 12.00
# Visual Studio Version 17
VisualStudioVersion = 17.8.34525.116
MinimumVisualStudioVersion = 10.0.40219.1
Project("{FAE04EC0-301F-11D3-BF4B-00C04F79EFBC}") = "Gestor", "Gestor\Gestor.csproj", "{AB6BD11D-7833-42F2-B4EE-FEDB467C81CC}"
EndProject
Global
	GlobalSection(SolutionConfigurationPlatforms) = preSolution
		Debug|Any CPU = Debug|Any CPU
		Release|Any CPU = Release|Any CPU
	EndGlobalSection
	GlobalSection(ProjectConfigurationPlatforms) = postSolution
		{AB6BD11D-7833-42F2-B4EE-FEDB467C81CC}.Debug|Any CPU.ActiveCfg = Debug|Any CPU
		{AB6BD11D-7833-42F2-B4EE-FEDB467C81CC}.Debug|Any CPU.Build.0 = Debug|Any CPU
		{AB6BD11D-7833-42F2-B4EE-FEDB467C81CC}.Release|Any CPU.ActiveCfg = Release|Any CPU
		{AB6BD11D-7833-42F2-B4EE-FEDB467C81CC}.Release|Any CPU.Build.0 = Release|Any CPU
	EndGlobalSection
	GlobalSection(SolutionProperties) = preSolution
		HideSolutionNode = FALSE
	EndGlobalSection
	GlobalSection(ExtensibilityGlobals) = postSolution
		SolutionGuid = {83E3CCE4-F6D8-42DD-B7BD-76E3D93D7323}
	EndGlobalSection
EndGlobal
